
Microsoft Visual Studio Solution File, Format Version 12.00
# Visual Studio 15
VisualStudioVersion = 15.0.27703.2026
MinimumVisualStudioVersion = 10.0.40219.1
Project("{FAE04EC0-301F-11D3-BF4B-00C04F79EFBC}") = "GestioRestaurant", "9_Cinema_UserControl\GestioRestaurant.csproj", "{C79C2F9F-89A9-42B8-9F3A-AE2FD115E4FC}"
EndProject
Project("{9A19103F-16F7-4668-BE54-9A1E7A4F7556}") = "GestioRestaurantDm", "CinemaDm\GestioRestaurantDm.csproj", "{7CD0AC02-512C-4F94-A115-42057222C086}"
EndProject
Project("{FAE04EC0-301F-11D3-BF4B-00C04F79EFBC}") = "GestioComandes", "GestioComandes\GestioComandes.csproj", "{32FC2CD3-B416-4C92-85A0-35AA76737380}"
EndProject
Global
	GlobalSection(SolutionConfigurationPlatforms) = preSolution
		Debug|Any CPU = Debug|Any CPU
		Debug|ARM = Debug|ARM
		Debug|ARM64 = Debug|ARM64
		Debug|x64 = Debug|x64
		Debug|x86 = Debug|x86
		Release|Any CPU = Release|Any CPU
		Release|ARM = Release|ARM
		Release|ARM64 = Release|ARM64
		Release|x64 = Release|x64
		Release|x86 = Release|x86
	EndGlobalSection
	GlobalSection(ProjectConfigurationPlatforms) = postSolution
		{C79C2F9F-89A9-42B8-9F3A-AE2FD115E4FC}.Debug|Any CPU.ActiveCfg = Debug|x86
		{C79C2F9F-89A9-42B8-9F3A-AE2FD115E4FC}.Debug|ARM.ActiveCfg = Debug|ARM
		{C79C2F9F-89A9-42B8-9F3A-AE2FD115E4FC}.Debug|ARM.Build.0 = Debug|ARM
		{C79C2F9F-89A9-42B8-9F3A-AE2FD115E4FC}.Debug|ARM.Deploy.0 = Debug|ARM
		{C79C2F9F-89A9-42B8-9F3A-AE2FD115E4FC}.Debug|ARM64.ActiveCfg = Debug|x86
		{C79C2F9F-89A9-42B8-9F3A-AE2FD115E4FC}.Debug|x64.ActiveCfg = Debug|x64
		{C79C2F9F-89A9-42B8-9F3A-AE2FD115E4FC}.Debug|x64.Build.0 = Debug|x64
		{C79C2F9F-89A9-42B8-9F3A-AE2FD115E4FC}.Debug|x64.Deploy.0 = Debug|x64
		{C79C2F9F-89A9-42B8-9F3A-AE2FD115E4FC}.Debug|x86.ActiveCfg = Debug|x86
		{C79C2F9F-89A9-42B8-9F3A-AE2FD115E4FC}.Debug|x86.Build.0 = Debug|x86
		{C79C2F9F-89A9-42B8-9F3A-AE2FD115E4FC}.Debug|x86.Deploy.0 = Debug|x86
		{C79C2F9F-89A9-42B8-9F3A-AE2FD115E4FC}.Release|Any CPU.ActiveCfg = Release|x86
		{C79C2F9F-89A9-42B8-9F3A-AE2FD115E4FC}.Release|ARM.ActiveCfg = Release|ARM
		{C79C2F9F-89A9-42B8-9F3A-AE2FD115E4FC}.Release|ARM.Build.0 = Release|ARM
		{C79C2F9F-89A9-42B8-9F3A-AE2FD115E4FC}.Release|ARM.Deploy.0 = Release|ARM
		{C79C2F9F-89A9-42B8-9F3A-AE2FD115E4FC}.Release|ARM64.ActiveCfg = Release|x86
		{C79C2F9F-89A9-42B8-9F3A-AE2FD115E4FC}.Release|x64.ActiveCfg = Release|x64
		{C79C2F9F-89A9-42B8-9F3A-AE2FD115E4FC}.Release|x64.Build.0 = Release|x64
		{C79C2F9F-89A9-42B8-9F3A-AE2FD115E4FC}.Release|x64.Deploy.0 = Release|x64
		{C79C2F9F-89A9-42B8-9F3A-AE2FD115E4FC}.Release|x86.ActiveCfg = Release|x86
		{C79C2F9F-89A9-42B8-9F3A-AE2FD115E4FC}.Release|x86.Build.0 = Release|x86
		{C79C2F9F-89A9-42B8-9F3A-AE2FD115E4FC}.Release|x86.Deploy.0 = Release|x86
		{7CD0AC02-512C-4F94-A115-42057222C086}.Debug|Any CPU.ActiveCfg = Debug|Any CPU
		{7CD0AC02-512C-4F94-A115-42057222C086}.Debug|Any CPU.Build.0 = Debug|Any CPU
		{7CD0AC02-512C-4F94-A115-42057222C086}.Debug|ARM.ActiveCfg = Debug|Any CPU
		{7CD0AC02-512C-4F94-A115-42057222C086}.Debug|ARM.Build.0 = Debug|Any CPU
		{7CD0AC02-512C-4F94-A115-42057222C086}.Debug|ARM64.ActiveCfg = Debug|Any CPU
		{7CD0AC02-512C-4F94-A115-42057222C086}.Debug|ARM64.Build.0 = Debug|Any CPU
		{7CD0AC02-512C-4F94-A115-42057222C086}.Debug|x64.ActiveCfg = Debug|Any CPU
		{7CD0AC02-512C-4F94-A115-42057222C086}.Debug|x64.Build.0 = Debug|Any CPU
		{7CD0AC02-512C-4F94-A115-42057222C086}.Debug|x86.ActiveCfg = Debug|Any CPU
		{7CD0AC02-512C-4F94-A115-42057222C086}.Debug|x86.Build.0 = Debug|Any CPU
		{7CD0AC02-512C-4F94-A115-42057222C086}.Release|Any CPU.ActiveCfg = Release|Any CPU
		{7CD0AC02-512C-4F94-A115-42057222C086}.Release|Any CPU.Build.0 = Release|Any CPU
		{7CD0AC02-512C-4F94-A115-42057222C086}.Release|ARM.ActiveCfg = Release|Any CPU
		{7CD0AC02-512C-4F94-A115-42057222C086}.Release|ARM.Build.0 = Release|Any CPU
		{7CD0AC02-512C-4F94-A115-42057222C086}.Release|ARM64.ActiveCfg = Release|Any CPU
		{7CD0AC02-512C-4F94-A115-42057222C086}.Release|ARM64.Build.0 = Release|Any CPU
		{7CD0AC02-512C-4F94-A115-42057222C086}.Release|x64.ActiveCfg = Release|Any CPU
		{7CD0AC02-512C-4F94-A115-42057222C086}.Release|x64.Build.0 = Release|Any CPU
		{7CD0AC02-512C-4F94-A115-42057222C086}.Release|x86.ActiveCfg = Release|Any CPU
		{7CD0AC02-512C-4F94-A115-42057222C086}.Release|x86.Build.0 = Release|Any CPU
		{32FC2CD3-B416-4C92-85A0-35AA76737380}.Debug|Any CPU.ActiveCfg = Debug|x86
		{32FC2CD3-B416-4C92-85A0-35AA76737380}.Debug|ARM.ActiveCfg = Debug|ARM
		{32FC2CD3-B416-4C92-85A0-35AA76737380}.Debug|ARM.Build.0 = Debug|ARM
		{32FC2CD3-B416-4C92-85A0-35AA76737380}.Debug|ARM.Deploy.0 = Debug|ARM
		{32FC2CD3-B416-4C92-85A0-35AA76737380}.Debug|ARM64.ActiveCfg = Debug|ARM64
		{32FC2CD3-B416-4C92-85A0-35AA76737380}.Debug|ARM64.Build.0 = Debug|ARM64
		{32FC2CD3-B416-4C92-85A0-35AA76737380}.Debug|ARM64.Deploy.0 = Debug|ARM64
		{32FC2CD3-B416-4C92-85A0-35AA76737380}.Debug|x64.ActiveCfg = Debug|x64
		{32FC2CD3-B416-4C92-85A0-35AA76737380}.Debug|x64.Build.0 = Debug|x64
		{32FC2CD3-B416-4C92-85A0-35AA76737380}.Debug|x64.Deploy.0 = Debug|x64
		{32FC2CD3-B416-4C92-85A0-35AA76737380}.Debug|x86.ActiveCfg = Debug|x86
		{32FC2CD3-B416-4C92-85A0-35AA76737380}.Debug|x86.Build.0 = Debug|x86
		{32FC2CD3-B416-4C92-85A0-35AA76737380}.Debug|x86.Deploy.0 = Debug|x86
		{32FC2CD3-B416-4C92-85A0-35AA76737380}.Release|Any CPU.ActiveCfg = Release|x86
		{32FC2CD3-B416-4C92-85A0-35AA76737380}.Release|ARM.ActiveCfg = Release|ARM
		{32FC2CD3-B416-4C92-85A0-35AA76737380}.Release|ARM.Build.0 = Release|ARM
		{32FC2CD3-B416-4C92-85A0-35AA76737380}.Release|ARM.Deploy.0 = Release|ARM
		{32FC2CD3-B416-4C92-85A0-35AA76737380}.Release|ARM64.ActiveCfg = Release|ARM64
		{32FC2CD3-B416-4C92-85A0-35AA76737380}.Release|ARM64.Build.0 = Release|ARM64
		{32FC2CD3-B416-4C92-85A0-35AA76737380}.Release|ARM64.Deploy.0 = Release|ARM64
		{32FC2CD3-B416-4C92-85A0-35AA76737380}.Release|x64.ActiveCfg = Release|x64
		{32FC2CD3-B416-4C92-85A0-35AA76737380}.Release|x64.Build.0 = Release|x64
		{32FC2CD3-B416-4C92-85A0-35AA76737380}.Release|x64.Deploy.0 = Release|x64
		{32FC2CD3-B416-4C92-85A0-35AA76737380}.Release|x86.ActiveCfg = Release|x86
		{32FC2CD3-B416-4C92-85A0-35AA76737380}.Release|x86.Build.0 = Release|x86
		{32FC2CD3-B416-4C92-85A0-35AA76737380}.Release|x86.Deploy.0 = Release|x86
	EndGlobalSection
	GlobalSection(SolutionProperties) = preSolution
		HideSolutionNode = FALSE
	EndGlobalSection
	GlobalSection(ExtensibilityGlobals) = postSolution
		SolutionGuid = {F61D45C0-5D1D-4201-86C5-BFDFC05E2D20}
	EndGlobalSection
EndGlobal
